
Microsoft Visual Studio Solution File, Format Version 12.00
# Visual Studio Version 17
VisualStudioVersion = 17.1.32414.318
MinimumVisualStudioVersion = 10.0.40219.1
Project("{9A19103F-16F7-4668-BE54-9A1E7A4F7556}") = "Chess.Logic", "Chess.Logic\Chess.Logic.csproj", "{6B69DD58-58B9-492C-BFA9-3EFFB5208F2E}"
EndProject
Project("{9A19103F-16F7-4668-BE54-9A1E7A4F7556}") = "Chess.Web", "Chess.Web\Chess.Web.csproj", "{FA20C1C1-12F3-497A-B30D-1D0F9E55DAD0}"
EndProject
Project("{FAE04EC0-301F-11D3-BF4B-00C04F79EFBC}") = "Encryption", "Encryption\Encryption.csproj", "{81157490-54C1-40ED-AAE6-72CBC71EF3AA}"
EndProject
Global
	GlobalSection(SolutionConfigurationPlatforms) = preSolution
		Debug|Any CPU = Debug|Any CPU
		Release|Any CPU = Release|Any CPU
	EndGlobalSection
	GlobalSection(ProjectConfigurationPlatforms) = postSolution
		{6B69DD58-58B9-492C-BFA9-3EFFB5208F2E}.Debug|Any CPU.ActiveCfg = Debug|Any CPU
		{6B69DD58-58B9-492C-BFA9-3EFFB5208F2E}.Debug|Any CPU.Build.0 = Debug|Any CPU
		{6B69DD58-58B9-492C-BFA9-3EFFB5208F2E}.Release|Any CPU.ActiveCfg = Release|Any CPU
		{6B69DD58-58B9-492C-BFA9-3EFFB5208F2E}.Release|Any CPU.Build.0 = Release|Any CPU
		{FA20C1C1-12F3-497A-B30D-1D0F9E55DAD0}.Debug|Any CPU.ActiveCfg = Debug|Any CPU
		{FA20C1C1-12F3-497A-B30D-1D0F9E55DAD0}.Debug|Any CPU.Build.0 = Debug|Any CPU
		{FA20C1C1-12F3-497A-B30D-1D0F9E55DAD0}.Release|Any CPU.ActiveCfg = Release|Any CPU
		{FA20C1C1-12F3-497A-B30D-1D0F9E55DAD0}.Release|Any CPU.Build.0 = Release|Any CPU
		{81157490-54C1-40ED-AAE6-72CBC71EF3AA}.Debug|Any CPU.ActiveCfg = Debug|Any CPU
		{81157490-54C1-40ED-AAE6-72CBC71EF3AA}.Debug|Any CPU.Build.0 = Debug|Any CPU
		{81157490-54C1-40ED-AAE6-72CBC71EF3AA}.Release|Any CPU.ActiveCfg = Release|Any CPU
		{81157490-54C1-40ED-AAE6-72CBC71EF3AA}.Release|Any CPU.Build.0 = Release|Any CPU
	EndGlobalSection
	GlobalSection(SolutionProperties) = preSolution
		HideSolutionNode = FALSE
	EndGlobalSection
	GlobalSection(ExtensibilityGlobals) = postSolution
		SolutionGuid = {63CB8D9D-A1A1-45CF-B0EB-B7231077DF44}
	EndGlobalSection
EndGlobal
